
Microsoft Visual Studio Solution File, Format Version 12.00
# Visual Studio 15
VisualStudioVersion = 15.0.27703.2000
MinimumVisualStudioVersion = 10.0.40219.1
Project("{FAE04EC0-301F-11D3-BF4B-00C04F79EFBC}") = "webDemo", "webDemo\webDemo.csproj", "{04580A65-0C43-4D34-B908-9824F1FDC992}"
EndProject
Global
	GlobalSection(SolutionConfigurationPlatforms) = preSolution
		Debug|Any CPU = Debug|Any CPU
		Release|Any CPU = Release|Any CPU
	EndGlobalSection
	GlobalSection(ProjectConfigurationPlatforms) = postSolution
		{04580A65-0C43-4D34-B908-9824F1FDC992}.Debug|Any CPU.ActiveCfg = Debug|Any CPU
		{04580A65-0C43-4D34-B908-9824F1FDC992}.Debug|Any CPU.Build.0 = Debug|Any CPU
		{04580A65-0C43-4D34-B908-9824F1FDC992}.Release|Any CPU.ActiveCfg = Release|Any CPU
		{04580A65-0C43-4D34-B908-9824F1FDC992}.Release|Any CPU.Build.0 = Release|Any CPU
	EndGlobalSection
	GlobalSection(SolutionProperties) = preSolution
		HideSolutionNode = FALSE
	EndGlobalSection
	GlobalSection(ExtensibilityGlobals) = postSolution
		SolutionGuid = {F6B1B07D-D029-48C8-8432-63C55D9D2580}
	EndGlobalSection
EndGlobal
